
Microsoft Visual Studio Solution File, Format Version 12.00
# Visual Studio Version 16
VisualStudioVersion = 16.0.30717.126
MinimumVisualStudioVersion = 10.0.40219.1
Project("{9A19103F-16F7-4668-BE54-9A1E7A4F7556}") = "RestAPISampleAutoTests", "RestAPISampleAutoTests.csproj", "{C9E2F8BA-163E-4CB4-87BE-9AB724C72C66}"
EndProject
Global
	GlobalSection(SolutionConfigurationPlatforms) = preSolution
		Debug|Any CPU = Debug|Any CPU
		LocalTests|Any CPU = LocalTests|Any CPU
		OnlineTests|Any CPU = OnlineTests|Any CPU
		Release|Any CPU = Release|Any CPU
	EndGlobalSection
	GlobalSection(ProjectConfigurationPlatforms) = postSolution
		{C9E2F8BA-163E-4CB4-87BE-9AB724C72C66}.Debug|Any CPU.ActiveCfg = Debug|Any CPU
		{C9E2F8BA-163E-4CB4-87BE-9AB724C72C66}.Debug|Any CPU.Build.0 = Debug|Any CPU
		{C9E2F8BA-163E-4CB4-87BE-9AB724C72C66}.LocalTests|Any CPU.ActiveCfg = LocalTests|Any CPU
		{C9E2F8BA-163E-4CB4-87BE-9AB724C72C66}.LocalTests|Any CPU.Build.0 = LocalTests|Any CPU
		{C9E2F8BA-163E-4CB4-87BE-9AB724C72C66}.OnlineTests|Any CPU.ActiveCfg = OnlineTests|Any CPU
		{C9E2F8BA-163E-4CB4-87BE-9AB724C72C66}.OnlineTests|Any CPU.Build.0 = OnlineTests|Any CPU
		{C9E2F8BA-163E-4CB4-87BE-9AB724C72C66}.Release|Any CPU.ActiveCfg = Release|Any CPU
		{C9E2F8BA-163E-4CB4-87BE-9AB724C72C66}.Release|Any CPU.Build.0 = Release|Any CPU
	EndGlobalSection
	GlobalSection(SolutionProperties) = preSolution
		HideSolutionNode = FALSE
	EndGlobalSection
	GlobalSection(ExtensibilityGlobals) = postSolution
		SolutionGuid = {A6119FB3-F03D-4EF0-BA55-D38432C281DC}
	EndGlobalSection
EndGlobal
